
Microsoft Visual Studio Solution File, Format Version 12.00
# Visual Studio 15
Project("{FAE04EC0-301F-11D3-BF4B-00C04F79EFBC}") = "BethanysPieShop", "BethanysPieShop\BethanysPieShop.csproj", "{960B5CCD-CDB5-485B-9C9B-297136F2D7ED}"
EndProject
Global
	GlobalSection(SolutionConfigurationPlatforms) = preSolution
		Debug|Any CPU = Debug|Any CPU
		Release|Any CPU = Release|Any CPU
	EndGlobalSection
	GlobalSection(ProjectConfigurationPlatforms) = postSolution
		{960B5CCD-CDB5-485B-9C9B-297136F2D7ED}.Debug|Any CPU.ActiveCfg = Debug|Any CPU
		{960B5CCD-CDB5-485B-9C9B-297136F2D7ED}.Debug|Any CPU.Build.0 = Debug|Any CPU
		{960B5CCD-CDB5-485B-9C9B-297136F2D7ED}.Release|Any CPU.ActiveCfg = Release|Any CPU
		{960B5CCD-CDB5-485B-9C9B-297136F2D7ED}.Release|Any CPU.Build.0 = Release|Any CPU
	EndGlobalSection
EndGlobal
